
Microsoft Visual Studio Solution File, Format Version 12.00
# Visual Studio 2012
Project("{FAE04EC0-301F-11D3-BF4B-00C04F79EFBC}") = "Amarok.Bootstrap", "src\Amarok.Bootstrap\Amarok.Bootstrap.csproj", "{EE0AF1C0-6CEA-4F65-90C2-F4A4843EF6F6}"
EndProject
Project("{FAE04EC0-301F-11D3-BF4B-00C04F79EFBC}") = "Amarok.Bootstrap.Tests", "src\Amarok.Bootstrap.Tests\Amarok.Bootstrap.Tests.csproj", "{6C253D93-4065-4312-9E74-6F70ED5BEB30}"
EndProject
Project("{2150E333-8FDC-42A3-9474-1A3956D46DE8}") = "Tests", "Tests", "{800058C0-E118-4E6D-9705-1E3C39CDB6E9}"
EndProject
Project("{2150E333-8FDC-42A3-9474-1A3956D46DE8}") = "App", "App", "{7AE51122-74D9-4993-94B2-9EC411FFB2CB}"
EndProject
Project("{FAE04EC0-301F-11D3-BF4B-00C04F79EFBC}") = "Amarok.Bootstrap.Specs", "src\Amarok.Bootstrap.Specs\Amarok.Bootstrap.Specs.csproj", "{45CB2CBA-4E39-4059-B829-8750FADA4FBE}"
EndProject
Project("{2150E333-8FDC-42A3-9474-1A3956D46DE8}") = "Domain", "Domain", "{D4B2FBB8-64B5-4DDB-940B-D7BF2C584658}"
EndProject
Project("{FAE04EC0-301F-11D3-BF4B-00C04F79EFBC}") = "Amarok.Bootstrap.Domain", "src\Amarok.Bootstrap.Domain\Amarok.Bootstrap.Domain.csproj", "{CC2866D0-9920-4291-9E6F-0D262236E13B}"
EndProject
Project("{FAE04EC0-301F-11D3-BF4B-00C04F79EFBC}") = "Amarok.Bootstrap.Infrastructure", "src\Amarok.Bootstrap.Infrastructure\Amarok.Bootstrap.Infrastructure.csproj", "{9C231DD8-6858-4605-A451-C90518292604}"
EndProject
Project("{2150E333-8FDC-42A3-9474-1A3956D46DE8}") = ".nuget", ".nuget", "{9C1FE785-0110-4266-8642-4C13273F3A98}"
	ProjectSection(SolutionItems) = preProject
		.nuget\NuGet.Config = .nuget\NuGet.Config
		.nuget\NuGet.exe = .nuget\NuGet.exe
		.nuget\NuGet.targets = .nuget\NuGet.targets
	EndProjectSection
EndProject
Project("{FAE04EC0-301F-11D3-BF4B-00C04F79EFBC}") = "Amarok.Bootstrap.Domain.Tests", "src\Amarok.Bootstrap.Domain.Tests\Amarok.Bootstrap.Domain.Tests.csproj", "{6C5409B4-BEE1-4AE4-8F37-1265CE0AADF8}"
EndProject
Project("{2150E333-8FDC-42A3-9474-1A3956D46DE8}") = "Infrastructure", "Infrastructure", "{2F818F91-35B2-4488-A6C5-02CB76BA8859}"
EndProject
Project("{FAE04EC0-301F-11D3-BF4B-00C04F79EFBC}") = "Amarok.Database.Migrations", "src\Amarok.Database.Migrations\Amarok.Database.Migrations.csproj", "{4B74BAA5-7D47-461A-B2EF-6F32DEC69909}"
EndProject
Project("{FAE04EC0-301F-11D3-BF4B-00C04F79EFBC}") = "Amarok.Bootstrap.WebApi", "src\Amarok.Bootstrap.WebApi\Amarok.Bootstrap.WebApi.csproj", "{F9BB23D1-7622-41DB-9A03-95006123F932}"
EndProject
Global
	GlobalSection(SolutionConfigurationPlatforms) = preSolution
		Debug|Any CPU = Debug|Any CPU
		Release|Any CPU = Release|Any CPU
	EndGlobalSection
	GlobalSection(ProjectConfigurationPlatforms) = postSolution
		{EE0AF1C0-6CEA-4F65-90C2-F4A4843EF6F6}.Debug|Any CPU.ActiveCfg = Debug|Any CPU
		{EE0AF1C0-6CEA-4F65-90C2-F4A4843EF6F6}.Debug|Any CPU.Build.0 = Debug|Any CPU
		{EE0AF1C0-6CEA-4F65-90C2-F4A4843EF6F6}.Release|Any CPU.ActiveCfg = Release|Any CPU
		{EE0AF1C0-6CEA-4F65-90C2-F4A4843EF6F6}.Release|Any CPU.Build.0 = Release|Any CPU
		{6C253D93-4065-4312-9E74-6F70ED5BEB30}.Debug|Any CPU.ActiveCfg = Debug|Any CPU
		{6C253D93-4065-4312-9E74-6F70ED5BEB30}.Debug|Any CPU.Build.0 = Debug|Any CPU
		{6C253D93-4065-4312-9E74-6F70ED5BEB30}.Release|Any CPU.ActiveCfg = Release|Any CPU
		{6C253D93-4065-4312-9E74-6F70ED5BEB30}.Release|Any CPU.Build.0 = Release|Any CPU
		{45CB2CBA-4E39-4059-B829-8750FADA4FBE}.Debug|Any CPU.ActiveCfg = Debug|Any CPU
		{45CB2CBA-4E39-4059-B829-8750FADA4FBE}.Debug|Any CPU.Build.0 = Debug|Any CPU
		{45CB2CBA-4E39-4059-B829-8750FADA4FBE}.Release|Any CPU.ActiveCfg = Release|Any CPU
		{45CB2CBA-4E39-4059-B829-8750FADA4FBE}.Release|Any CPU.Build.0 = Release|Any CPU
		{CC2866D0-9920-4291-9E6F-0D262236E13B}.Debug|Any CPU.ActiveCfg = Debug|Any CPU
		{CC2866D0-9920-4291-9E6F-0D262236E13B}.Debug|Any CPU.Build.0 = Debug|Any CPU
		{CC2866D0-9920-4291-9E6F-0D262236E13B}.Release|Any CPU.ActiveCfg = Release|Any CPU
		{CC2866D0-9920-4291-9E6F-0D262236E13B}.Release|Any CPU.Build.0 = Release|Any CPU
		{9C231DD8-6858-4605-A451-C90518292604}.Debug|Any CPU.ActiveCfg = Debug|Any CPU
		{9C231DD8-6858-4605-A451-C90518292604}.Debug|Any CPU.Build.0 = Debug|Any CPU
		{9C231DD8-6858-4605-A451-C90518292604}.Release|Any CPU.ActiveCfg = Release|Any CPU
		{9C231DD8-6858-4605-A451-C90518292604}.Release|Any CPU.Build.0 = Release|Any CPU
		{6C5409B4-BEE1-4AE4-8F37-1265CE0AADF8}.Debug|Any CPU.ActiveCfg = Debug|Any CPU
		{6C5409B4-BEE1-4AE4-8F37-1265CE0AADF8}.Debug|Any CPU.Build.0 = Debug|Any CPU
		{6C5409B4-BEE1-4AE4-8F37-1265CE0AADF8}.Release|Any CPU.ActiveCfg = Release|Any CPU
		{6C5409B4-BEE1-4AE4-8F37-1265CE0AADF8}.Release|Any CPU.Build.0 = Release|Any CPU
		{4B74BAA5-7D47-461A-B2EF-6F32DEC69909}.Debug|Any CPU.ActiveCfg = Debug|Any CPU
		{4B74BAA5-7D47-461A-B2EF-6F32DEC69909}.Debug|Any CPU.Build.0 = Debug|Any CPU
		{4B74BAA5-7D47-461A-B2EF-6F32DEC69909}.Release|Any CPU.ActiveCfg = Release|Any CPU
		{4B74BAA5-7D47-461A-B2EF-6F32DEC69909}.Release|Any CPU.Build.0 = Release|Any CPU
		{F9BB23D1-7622-41DB-9A03-95006123F932}.Debug|Any CPU.ActiveCfg = Debug|Any CPU
		{F9BB23D1-7622-41DB-9A03-95006123F932}.Debug|Any CPU.Build.0 = Debug|Any CPU
		{F9BB23D1-7622-41DB-9A03-95006123F932}.Release|Any CPU.ActiveCfg = Release|Any CPU
		{F9BB23D1-7622-41DB-9A03-95006123F932}.Release|Any CPU.Build.0 = Release|Any CPU
	EndGlobalSection
	GlobalSection(SolutionProperties) = preSolution
		HideSolutionNode = FALSE
	EndGlobalSection
	GlobalSection(NestedProjects) = preSolution
		{EE0AF1C0-6CEA-4F65-90C2-F4A4843EF6F6} = {7AE51122-74D9-4993-94B2-9EC411FFB2CB}
		{F9BB23D1-7622-41DB-9A03-95006123F932} = {7AE51122-74D9-4993-94B2-9EC411FFB2CB}
		{6C253D93-4065-4312-9E74-6F70ED5BEB30} = {800058C0-E118-4E6D-9705-1E3C39CDB6E9}
		{45CB2CBA-4E39-4059-B829-8750FADA4FBE} = {800058C0-E118-4E6D-9705-1E3C39CDB6E9}
		{6C5409B4-BEE1-4AE4-8F37-1265CE0AADF8} = {800058C0-E118-4E6D-9705-1E3C39CDB6E9}
		{CC2866D0-9920-4291-9E6F-0D262236E13B} = {D4B2FBB8-64B5-4DDB-940B-D7BF2C584658}
		{9C231DD8-6858-4605-A451-C90518292604} = {2F818F91-35B2-4488-A6C5-02CB76BA8859}
		{4B74BAA5-7D47-461A-B2EF-6F32DEC69909} = {2F818F91-35B2-4488-A6C5-02CB76BA8859}
	EndGlobalSection
EndGlobal
